
Microsoft Visual Studio Solution File, Format Version 12.00
# Visual Studio Version 17
VisualStudioVersion = 17.4.33213.308
MinimumVisualStudioVersion = 10.0.40219.1
Project("{FAE04EC0-301F-11D3-BF4B-00C04F79EFBC}") = "SmarthomeRest", "SmarthomeRest.csproj", "{968FF57C-7271-4D72-BD82-ACEB98A70C4A}"
EndProject
Global
	GlobalSection(SolutionConfigurationPlatforms) = preSolution
		Debug|Any CPU = Debug|Any CPU
		Release|Any CPU = Release|Any CPU
	EndGlobalSection
	GlobalSection(ProjectConfigurationPlatforms) = postSolution
		{968FF57C-7271-4D72-BD82-ACEB98A70C4A}.Debug|Any CPU.ActiveCfg = Debug|Any CPU
		{968FF57C-7271-4D72-BD82-ACEB98A70C4A}.Debug|Any CPU.Build.0 = Debug|Any CPU
		{968FF57C-7271-4D72-BD82-ACEB98A70C4A}.Release|Any CPU.ActiveCfg = Release|Any CPU
		{968FF57C-7271-4D72-BD82-ACEB98A70C4A}.Release|Any CPU.Build.0 = Release|Any CPU
	EndGlobalSection
	GlobalSection(SolutionProperties) = preSolution
		HideSolutionNode = FALSE
	EndGlobalSection
	GlobalSection(ExtensibilityGlobals) = postSolution
		SolutionGuid = {AF480984-57BC-4895-8ED4-83F7AB9FD859}
	EndGlobalSection
EndGlobal
